// !$*UTF8*$!
{
	archiveVersion = 1;
	classes = {
	};
	objectVersion = 46;
	objects = {

/* Begin PBXBuildFile section */
		3C408EAF1A16B8A300D8426F /* UIActivityIndicator+Avalon.swift in Sources */ = {isa = PBXBuildFile; fileRef = 3C408EAE1A16B8A300D8426F /* UIActivityIndicator+Avalon.swift */; };
		3C408EB61A19268700D8426F /* AVKeyValueObservingHelper.h in Headers */ = {isa = PBXBuildFile; fileRef = 3C408EB21A19268700D8426F /* AVKeyValueObservingHelper.h */; settings = {ATTRIBUTES = (Public, ); }; };
		3C408EB71A19268700D8426F /* AVKeyValueObservingHelper.m in Sources */ = {isa = PBXBuildFile; fileRef = 3C408EB31A19268700D8426F /* AVKeyValueObservingHelper.m */; };
		3C408EB81A19268700D8426F /* AVValueWrapper.h in Headers */ = {isa = PBXBuildFile; fileRef = 3C408EB41A19268700D8426F /* AVValueWrapper.h */; settings = {ATTRIBUTES = (Public, ); }; };
		3C408EB91A19268700D8426F /* AVValueWrapper.m in Sources */ = {isa = PBXBuildFile; fileRef = 3C408EB51A19268700D8426F /* AVValueWrapper.m */; };
		3C408ECB1A19283700D8426F /* UIGestureRecognizer+Avalon.swift in Sources */ = {isa = PBXBuildFile; fileRef = 3C408ECA1A19283700D8426F /* UIGestureRecognizer+Avalon.swift */; };
		3C42AE751A37639600FB2AEE /* AVExceptionWrapper.h in Headers */ = {isa = PBXBuildFile; fileRef = 3C42AE731A37639600FB2AEE /* AVExceptionWrapper.h */; settings = {ATTRIBUTES = (Public, ); }; };
		3C42AE761A37639600FB2AEE /* AVExceptionWrapper.m in Sources */ = {isa = PBXBuildFile; fileRef = 3C42AE741A37639600FB2AEE /* AVExceptionWrapper.m */; };
		3C42AE7A1A38CE4400FB2AEE /* UIPickerView+Avalon.swift in Sources */ = {isa = PBXBuildFile; fileRef = 3C42AE791A38CE4400FB2AEE /* UIPickerView+Avalon.swift */; };
		3C444F8B1A34408300F72591 /* KVCVerification.swift in Sources */ = {isa = PBXBuildFile; fileRef = 3C444F881A34408300F72591 /* KVCVerification.swift */; };
		3C444F8C1A34408300F72591 /* KVOBindingConnector.swift in Sources */ = {isa = PBXBuildFile; fileRef = 3C444F891A34408300F72591 /* KVOBindingConnector.swift */; };
		3C444F8D1A34408300F72591 /* UIControlBindingConnector.swift in Sources */ = {isa = PBXBuildFile; fileRef = 3C444F8A1A34408300F72591 /* UIControlBindingConnector.swift */; };
		3C444F921A34455000F72591 /* AVDelegateMultiplexer.h in Headers */ = {isa = PBXBuildFile; fileRef = 3C444F901A34455000F72591 /* AVDelegateMultiplexer.h */; settings = {ATTRIBUTES = (Public, ); }; };
		3C444F931A34455000F72591 /* AVDelegateMultiplexer.m in Sources */ = {isa = PBXBuildFile; fileRef = 3C444F911A34455000F72591 /* AVDelegateMultiplexer.m */; };
		3C5477631A0FDA4C00C80A3C /* Binding.swift in Sources */ = {isa = PBXBuildFile; fileRef = 3C54775A1A0FDA4C00C80A3C /* Binding.swift */; };
		3C5477641A0FDA4C00C80A3C /* Bindable.swift in Sources */ = {isa = PBXBuildFile; fileRef = 3C54775B1A0FDA4C00C80A3C /* Bindable.swift */; };
		3C5477651A0FDA4C00C80A3C /* Action.swift in Sources */ = {isa = PBXBuildFile; fileRef = 3C54775C1A0FDA4C00C80A3C /* Action.swift */; };
		3C5477671A0FDA4C00C80A3C /* BindingMode.swift in Sources */ = {isa = PBXBuildFile; fileRef = 3C54775E1A0FDA4C00C80A3C /* BindingMode.swift */; };
		3C5477691A0FDDDF00C80A3C /* Disposable.swift in Sources */ = {isa = PBXBuildFile; fileRef = 3C5477681A0FDDDF00C80A3C /* Disposable.swift */; };
		3C5477C91A1122AA00C80A3C /* UIButton+Avalon.swift in Sources */ = {isa = PBXBuildFile; fileRef = 3C5477C51A1122AA00C80A3C /* UIButton+Avalon.swift */; };
		3C5477CA1A1122AA00C80A3C /* UISegmentedControl+Avalon.swift in Sources */ = {isa = PBXBuildFile; fileRef = 3C5477C61A1122AA00C80A3C /* UISegmentedControl+Avalon.swift */; };
		3C5477CB1A1122AA00C80A3C /* UIView+Avalon.swift in Sources */ = {isa = PBXBuildFile; fileRef = 3C5477C71A1122AA00C80A3C /* UIView+Avalon.swift */; };
		3C5477CC1A1122AA00C80A3C /* UIView+AvalonCore.swift in Sources */ = {isa = PBXBuildFile; fileRef = 3C5477C81A1122AA00C80A3C /* UIView+AvalonCore.swift */; };
		3C7E57D41A49B8BB000E5560 /* UITextField+Avalon.swift in Sources */ = {isa = PBXBuildFile; fileRef = 3C7E57D01A49AE15000E5560 /* UITextField+Avalon.swift */; };
		3C859EF21A1A42D7001BA43F /* ErrorSink.swift in Sources */ = {isa = PBXBuildFile; fileRef = 3C859EF11A1A42D7001BA43F /* ErrorSink.swift */; };
		3C865DCB1A3AC47D00D775C8 /* ObservableArray.swift in Sources */ = {isa = PBXBuildFile; fileRef = 3C865DCA1A3AC47D00D775C8 /* ObservableArray.swift */; };
		3C8AFE791A398AFB00E5D1AD /* UIView+DelegateMulticast.swift in Sources */ = {isa = PBXBuildFile; fileRef = 3C8AFE781A398AFB00E5D1AD /* UIView+DelegateMulticast.swift */; };
		3C8AFE7B1A39FEEF00E5D1AD /* UITextView+Avalon.swift in Sources */ = {isa = PBXBuildFile; fileRef = 3C8AFE7A1A39FEEF00E5D1AD /* UITextView+Avalon.swift */; };
		3CA0D9F81A2EF638009CCB08 /* CustomOperators.swift in Sources */ = {isa = PBXBuildFile; fileRef = 3CA0D9F71A2EF638009CCB08 /* CustomOperators.swift */; };
		3CB57AD51A5704CF004CB37C /* NumberFormatterConverter.swift in Sources */ = {isa = PBXBuildFile; fileRef = 3C7E57DF1A4B14CE000E5560 /* NumberFormatterConverter.swift */; };
		3CB57AD61A57053E004CB37C /* DateFormatterConverter.swift in Sources */ = {isa = PBXBuildFile; fileRef = 3CC1CF361A52990900820080 /* DateFormatterConverter.swift */; };
		3CB57AE61A583652004CB37C /* NSValueTransformer+Avalon.swift in Sources */ = {isa = PBXBuildFile; fileRef = 3CB57AE51A583652004CB37C /* NSValueTransformer+Avalon.swift */; };
		3CB9CE381A279A9700CE6757 /* ViewModelBase.swift in Sources */ = {isa = PBXBuildFile; fileRef = 3CB9CE371A279A9700CE6757 /* ViewModelBase.swift */; };
		3CB9CE4D1A27C16F00CE6757 /* Event.swift in Sources */ = {isa = PBXBuildFile; fileRef = 3CB9CE4C1A27C16F00CE6757 /* Event.swift */; };
		3CBA41F51A42C86E00E03F6C /* ArrayFacade.swift in Sources */ = {isa = PBXBuildFile; fileRef = 3CBA41F41A42C86E00E03F6C /* ArrayFacade.swift */; };
		3CBA41F91A436B5900E03F6C /* ItemsController.swift in Sources */ = {isa = PBXBuildFile; fileRef = 3CBA41F81A436B5900E03F6C /* ItemsController.swift */; };
		3CBA42051A43904700E03F6C /* Threading.swift in Sources */ = {isa = PBXBuildFile; fileRef = 3CBA42041A43904700E03F6C /* Threading.swift */; };
		3CC1CF2F1A51A6ED00820080 /* ValueSetter.swift in Sources */ = {isa = PBXBuildFile; fileRef = 3CC1CF2E1A51A6ED00820080 /* ValueSetter.swift */; };
		3CCB555D1A2FC6E100631420 /* AVSwizzle.h in Headers */ = {isa = PBXBuildFile; fileRef = 3CCB555B1A2FC6E100631420 /* AVSwizzle.h */; settings = {ATTRIBUTES = (Public, ); }; };
		3CCB555E1A2FC6E100631420 /* AVSwizzle.m in Sources */ = {isa = PBXBuildFile; fileRef = 3CCB555C1A2FC6E100631420 /* AVSwizzle.m */; };
		3CDB57431A34485B001DD726 /* AvalonBootstrap.swift in Sources */ = {isa = PBXBuildFile; fileRef = 3CDB57421A34485B001DD726 /* AvalonBootstrap.swift */; };
		3CDB57451A349723001DD726 /* AssociatedPropertyHelper.swift in Sources */ = {isa = PBXBuildFile; fileRef = 3CDB57441A349723001DD726 /* AssociatedPropertyHelper.swift */; };
		3CDD6C141A1A4A21003020AA /* AssociatedPropertyKeys.swift in Sources */ = {isa = PBXBuildFile; fileRef = 3CDD6C131A1A4A21003020AA /* AssociatedPropertyKeys.swift */; };
		3CDD6C1B1A1AA469003020AA /* UITableView+Avalon.swift in Sources */ = {isa = PBXBuildFile; fileRef = 3CDD6C1A1A1AA469003020AA /* UITableView+Avalon.swift */; };
		3CEE10351A0F5A40002C66E3 /* Avalon.h in Headers */ = {isa = PBXBuildFile; fileRef = 3CEE10341A0F5A40002C66E3 /* Avalon.h */; settings = {ATTRIBUTES = (Public, ); }; };
		3CF998C21A1F93B7004DC5F0 /* UISearchBar+Avalon.swift in Sources */ = {isa = PBXBuildFile; fileRef = 3CF998C11A1F93B7004DC5F0 /* UISearchBar+Avalon.swift */; };
/* End PBXBuildFile section */

/* Begin PBXFileReference section */
		3C408EAE1A16B8A300D8426F /* UIActivityIndicator+Avalon.swift */ = {isa = PBXFileReference; fileEncoding = 4; lastKnownFileType = sourcecode.swift; path = "UIActivityIndicator+Avalon.swift"; sourceTree = "<group>"; };
		3C408EB21A19268700D8426F /* AVKeyValueObservingHelper.h */ = {isa = PBXFileReference; fileEncoding = 4; lastKnownFileType = sourcecode.c.h; path = AVKeyValueObservingHelper.h; sourceTree = "<group>"; };
		3C408EB31A19268700D8426F /* AVKeyValueObservingHelper.m */ = {isa = PBXFileReference; fileEncoding = 4; lastKnownFileType = sourcecode.c.objc; path = AVKeyValueObservingHelper.m; sourceTree = "<group>"; };
		3C408EB41A19268700D8426F /* AVValueWrapper.h */ = {isa = PBXFileReference; fileEncoding = 4; lastKnownFileType = sourcecode.c.h; path = AVValueWrapper.h; sourceTree = "<group>"; };
		3C408EB51A19268700D8426F /* AVValueWrapper.m */ = {isa = PBXFileReference; fileEncoding = 4; lastKnownFileType = sourcecode.c.objc; path = AVValueWrapper.m; sourceTree = "<group>"; };
		3C408ECA1A19283700D8426F /* UIGestureRecognizer+Avalon.swift */ = {isa = PBXFileReference; fileEncoding = 4; lastKnownFileType = sourcecode.swift; path = "UIGestureRecognizer+Avalon.swift"; sourceTree = "<group>"; };
		3C42AE731A37639600FB2AEE /* AVExceptionWrapper.h */ = {isa = PBXFileReference; fileEncoding = 4; lastKnownFileType = sourcecode.c.h; path = AVExceptionWrapper.h; sourceTree = "<group>"; };
		3C42AE741A37639600FB2AEE /* AVExceptionWrapper.m */ = {isa = PBXFileReference; fileEncoding = 4; lastKnownFileType = sourcecode.c.objc; path = AVExceptionWrapper.m; sourceTree = "<group>"; };
		3C42AE791A38CE4400FB2AEE /* UIPickerView+Avalon.swift */ = {isa = PBXFileReference; fileEncoding = 4; lastKnownFileType = sourcecode.swift; path = "UIPickerView+Avalon.swift"; sourceTree = "<group>"; };
		3C444F881A34408300F72591 /* KVCVerification.swift */ = {isa = PBXFileReference; fileEncoding = 4; lastKnownFileType = sourcecode.swift; path = KVCVerification.swift; sourceTree = "<group>"; };
		3C444F891A34408300F72591 /* KVOBindingConnector.swift */ = {isa = PBXFileReference; fileEncoding = 4; lastKnownFileType = sourcecode.swift; path = KVOBindingConnector.swift; sourceTree = "<group>"; };
		3C444F8A1A34408300F72591 /* UIControlBindingConnector.swift */ = {isa = PBXFileReference; fileEncoding = 4; lastKnownFileType = sourcecode.swift; path = UIControlBindingConnector.swift; sourceTree = "<group>"; };
		3C444F901A34455000F72591 /* AVDelegateMultiplexer.h */ = {isa = PBXFileReference; fileEncoding = 4; lastKnownFileType = sourcecode.c.h; path = AVDelegateMultiplexer.h; sourceTree = "<group>"; };
		3C444F911A34455000F72591 /* AVDelegateMultiplexer.m */ = {isa = PBXFileReference; fileEncoding = 4; lastKnownFileType = sourcecode.c.objc; path = AVDelegateMultiplexer.m; sourceTree = "<group>"; };
		3C54775A1A0FDA4C00C80A3C /* Binding.swift */ = {isa = PBXFileReference; fileEncoding = 4; lastKnownFileType = sourcecode.swift; path = Binding.swift; sourceTree = "<group>"; };
		3C54775B1A0FDA4C00C80A3C /* Bindable.swift */ = {isa = PBXFileReference; fileEncoding = 4; lastKnownFileType = sourcecode.swift; path = Bindable.swift; sourceTree = "<group>"; };
		3C54775C1A0FDA4C00C80A3C /* Action.swift */ = {isa = PBXFileReference; fileEncoding = 4; lastKnownFileType = sourcecode.swift; path = Action.swift; sourceTree = "<group>"; };
		3C54775E1A0FDA4C00C80A3C /* BindingMode.swift */ = {isa = PBXFileReference; fileEncoding = 4; lastKnownFileType = sourcecode.swift; path = BindingMode.swift; sourceTree = "<group>"; };
		3C5477681A0FDDDF00C80A3C /* Disposable.swift */ = {isa = PBXFileReference; fileEncoding = 4; lastKnownFileType = sourcecode.swift; path = Disposable.swift; sourceTree = "<group>"; };
		3C5477C51A1122AA00C80A3C /* UIButton+Avalon.swift */ = {isa = PBXFileReference; fileEncoding = 4; lastKnownFileType = sourcecode.swift; path = "UIButton+Avalon.swift"; sourceTree = "<group>"; };
		3C5477C61A1122AA00C80A3C /* UISegmentedControl+Avalon.swift */ = {isa = PBXFileReference; fileEncoding = 4; lastKnownFileType = sourcecode.swift; path = "UISegmentedControl+Avalon.swift"; sourceTree = "<group>"; };
		3C5477C71A1122AA00C80A3C /* UIView+Avalon.swift */ = {isa = PBXFileReference; fileEncoding = 4; lastKnownFileType = sourcecode.swift; path = "UIView+Avalon.swift"; sourceTree = "<group>"; };
		3C5477C81A1122AA00C80A3C /* UIView+AvalonCore.swift */ = {isa = PBXFileReference; fileEncoding = 4; lastKnownFileType = sourcecode.swift; path = "UIView+AvalonCore.swift"; sourceTree = "<group>"; };
		3C7E57D01A49AE15000E5560 /* UITextField+Avalon.swift */ = {isa = PBXFileReference; fileEncoding = 4; lastKnownFileType = sourcecode.swift; path = "UITextField+Avalon.swift"; sourceTree = "<group>"; };
		3C7E57DF1A4B14CE000E5560 /* NumberFormatterConverter.swift */ = {isa = PBXFileReference; fileEncoding = 4; lastKnownFileType = sourcecode.swift; path = NumberFormatterConverter.swift; sourceTree = "<group>"; };
		3C859EF11A1A42D7001BA43F /* ErrorSink.swift */ = {isa = PBXFileReference; fileEncoding = 4; lastKnownFileType = sourcecode.swift; path = ErrorSink.swift; sourceTree = "<group>"; };
		3C865DCA1A3AC47D00D775C8 /* ObservableArray.swift */ = {isa = PBXFileReference; fileEncoding = 4; lastKnownFileType = sourcecode.swift; path = ObservableArray.swift; sourceTree = "<group>"; };
		3C8AFE781A398AFB00E5D1AD /* UIView+DelegateMulticast.swift */ = {isa = PBXFileReference; fileEncoding = 4; lastKnownFileType = sourcecode.swift; path = "UIView+DelegateMulticast.swift"; sourceTree = "<group>"; };
		3C8AFE7A1A39FEEF00E5D1AD /* UITextView+Avalon.swift */ = {isa = PBXFileReference; fileEncoding = 4; lastKnownFileType = sourcecode.swift; path = "UITextView+Avalon.swift"; sourceTree = "<group>"; };
		3CA0D9F71A2EF638009CCB08 /* CustomOperators.swift */ = {isa = PBXFileReference; fileEncoding = 4; lastKnownFileType = sourcecode.swift; path = CustomOperators.swift; sourceTree = "<group>"; };
		3CB57AE51A583652004CB37C /* NSValueTransformer+Avalon.swift */ = {isa = PBXFileReference; fileEncoding = 4; lastKnownFileType = sourcecode.swift; path = "NSValueTransformer+Avalon.swift"; sourceTree = "<group>"; };
		3CB9CE371A279A9700CE6757 /* ViewModelBase.swift */ = {isa = PBXFileReference; fileEncoding = 4; lastKnownFileType = sourcecode.swift; path = ViewModelBase.swift; sourceTree = "<group>"; };
		3CB9CE4C1A27C16F00CE6757 /* Event.swift */ = {isa = PBXFileReference; fileEncoding = 4; lastKnownFileType = sourcecode.swift; path = Event.swift; sourceTree = "<group>"; };
		3CBA41F41A42C86E00E03F6C /* ArrayFacade.swift */ = {isa = PBXFileReference; fileEncoding = 4; lastKnownFileType = sourcecode.swift; path = ArrayFacade.swift; sourceTree = "<group>"; };
		3CBA41F81A436B5900E03F6C /* ItemsController.swift */ = {isa = PBXFileReference; fileEncoding = 4; lastKnownFileType = sourcecode.swift; path = ItemsController.swift; sourceTree = "<group>"; };
		3CBA42041A43904700E03F6C /* Threading.swift */ = {isa = PBXFileReference; fileEncoding = 4; lastKnownFileType = sourcecode.swift; path = Threading.swift; sourceTree = "<group>"; };
		3CC1CF2E1A51A6ED00820080 /* ValueSetter.swift */ = {isa = PBXFileReference; fileEncoding = 4; lastKnownFileType = sourcecode.swift; path = ValueSetter.swift; sourceTree = "<group>"; };
		3CC1CF361A52990900820080 /* DateFormatterConverter.swift */ = {isa = PBXFileReference; fileEncoding = 4; lastKnownFileType = sourcecode.swift; path = DateFormatterConverter.swift; sourceTree = "<group>"; };
		3CCB555B1A2FC6E100631420 /* AVSwizzle.h */ = {isa = PBXFileReference; fileEncoding = 4; lastKnownFileType = sourcecode.c.h; path = AVSwizzle.h; sourceTree = "<group>"; };
		3CCB555C1A2FC6E100631420 /* AVSwizzle.m */ = {isa = PBXFileReference; fileEncoding = 4; lastKnownFileType = sourcecode.c.objc; path = AVSwizzle.m; sourceTree = "<group>"; };
		3CDB57421A34485B001DD726 /* AvalonBootstrap.swift */ = {isa = PBXFileReference; fileEncoding = 4; lastKnownFileType = sourcecode.swift; path = AvalonBootstrap.swift; sourceTree = "<group>"; };
		3CDB57441A349723001DD726 /* AssociatedPropertyHelper.swift */ = {isa = PBXFileReference; fileEncoding = 4; lastKnownFileType = sourcecode.swift; path = AssociatedPropertyHelper.swift; sourceTree = "<group>"; };
		3CDD6C131A1A4A21003020AA /* AssociatedPropertyKeys.swift */ = {isa = PBXFileReference; fileEncoding = 4; lastKnownFileType = sourcecode.swift; path = AssociatedPropertyKeys.swift; sourceTree = "<group>"; };
		3CDD6C1A1A1AA469003020AA /* UITableView+Avalon.swift */ = {isa = PBXFileReference; fileEncoding = 4; lastKnownFileType = sourcecode.swift; path = "UITableView+Avalon.swift"; sourceTree = "<group>"; };
		3CEE102F1A0F5A3F002C66E3 /* Avalon.framework */ = {isa = PBXFileReference; explicitFileType = wrapper.framework; includeInIndex = 0; path = Avalon.framework; sourceTree = BUILT_PRODUCTS_DIR; };
		3CEE10331A0F5A40002C66E3 /* Info.plist */ = {isa = PBXFileReference; lastKnownFileType = text.plist.xml; path = Info.plist; sourceTree = "<group>"; };
		3CEE10341A0F5A40002C66E3 /* Avalon.h */ = {isa = PBXFileReference; lastKnownFileType = sourcecode.c.h; path = Avalon.h; sourceTree = "<group>"; };
		3CF998C11A1F93B7004DC5F0 /* UISearchBar+Avalon.swift */ = {isa = PBXFileReference; fileEncoding = 4; lastKnownFileType = sourcecode.swift; path = "UISearchBar+Avalon.swift"; sourceTree = "<group>"; };
/* End PBXFileReference section */

/* Begin PBXFrameworksBuildPhase section */
		3CEE102B1A0F5A3F002C66E3 /* Frameworks */ = {
			isa = PBXFrameworksBuildPhase;
			buildActionMask = 2147483647;
			files = (
			);
			runOnlyForDeploymentPostprocessing = 0;
		};
/* End PBXFrameworksBuildPhase section */

/* Begin PBXGroup section */
		3C408EB11A19268700D8426F /* ObjC */ = {
			isa = PBXGroup;
			children = (
				3C408EB21A19268700D8426F /* AVKeyValueObservingHelper.h */,
				3C408EB31A19268700D8426F /* AVKeyValueObservingHelper.m */,
				3C408EB41A19268700D8426F /* AVValueWrapper.h */,
				3C408EB51A19268700D8426F /* AVValueWrapper.m */,
				3CCB555B1A2FC6E100631420 /* AVSwizzle.h */,
				3CCB555C1A2FC6E100631420 /* AVSwizzle.m */,
				3C444F901A34455000F72591 /* AVDelegateMultiplexer.h */,
				3C444F911A34455000F72591 /* AVDelegateMultiplexer.m */,
				3C42AE731A37639600FB2AEE /* AVExceptionWrapper.h */,
				3C42AE741A37639600FB2AEE /* AVExceptionWrapper.m */,
			);
			path = ObjC;
			sourceTree = "<group>";
		};
		3C444F861A34408300F72591 /* Util */ = {
			isa = PBXGroup;
			children = (
				3C444F871A34408300F72591 /* Connectors */,
				3CDB57441A349723001DD726 /* AssociatedPropertyHelper.swift */,
				3CBA41F41A42C86E00E03F6C /* ArrayFacade.swift */,
				3CBA41F81A436B5900E03F6C /* ItemsController.swift */,
				3CBA42041A43904700E03F6C /* Threading.swift */,
			);
			path = Util;
			sourceTree = "<group>";
		};
		3C444F871A34408300F72591 /* Connectors */ = {
			isa = PBXGroup;
			children = (
				3C444F881A34408300F72591 /* KVCVerification.swift */,
				3C444F891A34408300F72591 /* KVOBindingConnector.swift */,
				3C444F8A1A34408300F72591 /* UIControlBindingConnector.swift */,
				3CC1CF2E1A51A6ED00820080 /* ValueSetter.swift */,
			);
			path = Connectors;
			sourceTree = "<group>";
		};
		3C5477C41A1122AA00C80A3C /* Extensions */ = {
			isa = PBXGroup;
			children = (
				3C7E57D01A49AE15000E5560 /* UITextField+Avalon.swift */,
				3CDD6C131A1A4A21003020AA /* AssociatedPropertyKeys.swift */,
				3C5477C51A1122AA00C80A3C /* UIButton+Avalon.swift */,
				3C5477C61A1122AA00C80A3C /* UISegmentedControl+Avalon.swift */,
				3C5477C71A1122AA00C80A3C /* UIView+Avalon.swift */,
				3C8AFE781A398AFB00E5D1AD /* UIView+DelegateMulticast.swift */,
				3C5477C81A1122AA00C80A3C /* UIView+AvalonCore.swift */,
				3C408EAE1A16B8A300D8426F /* UIActivityIndicator+Avalon.swift */,
				3C408ECA1A19283700D8426F /* UIGestureRecognizer+Avalon.swift */,
				3CDD6C1A1A1AA469003020AA /* UITableView+Avalon.swift */,
				3CF998C11A1F93B7004DC5F0 /* UISearchBar+Avalon.swift */,
				3C42AE791A38CE4400FB2AEE /* UIPickerView+Avalon.swift */,
				3C8AFE7A1A39FEEF00E5D1AD /* UITextView+Avalon.swift */,
			);
			path = Extensions;
			sourceTree = "<group>";
		};
		3C7E57DE1A4B1497000E5560 /* Converters */ = {
			isa = PBXGroup;
			children = (
				3C7E57DF1A4B14CE000E5560 /* NumberFormatterConverter.swift */,
				3CC1CF361A52990900820080 /* DateFormatterConverter.swift */,
				3CB57AE51A583652004CB37C /* NSValueTransformer+Avalon.swift */,
			);
			name = Converters;
			sourceTree = "<group>";
		};
		3CEE10251A0F5A3F002C66E3 = {
			isa = PBXGroup;
			children = (
				3CEE10311A0F5A3F002C66E3 /* Avalon */,
				3CEE10301A0F5A3F002C66E3 /* Products */,
			);
			sourceTree = "<group>";
		};
		3CEE10301A0F5A3F002C66E3 /* Products */ = {
			isa = PBXGroup;
			children = (
				3CEE102F1A0F5A3F002C66E3 /* Avalon.framework */,
			);
			name = Products;
			sourceTree = "<group>";
		};
		3CEE10311A0F5A3F002C66E3 /* Avalon */ = {
			isa = PBXGroup;
			children = (
				3C7E57DE1A4B1497000E5560 /* Converters */,
				3C444F861A34408300F72591 /* Util */,
				3C408EB11A19268700D8426F /* ObjC */,
				3C5477C41A1122AA00C80A3C /* Extensions */,
				3CEE10321A0F5A40002C66E3 /* Supporting Files */,
				3C5477681A0FDDDF00C80A3C /* Disposable.swift */,
				3C54775A1A0FDA4C00C80A3C /* Binding.swift */,
				3C54775B1A0FDA4C00C80A3C /* Bindable.swift */,
				3C54775C1A0FDA4C00C80A3C /* Action.swift */,
				3C54775E1A0FDA4C00C80A3C /* BindingMode.swift */,
				3CEE10341A0F5A40002C66E3 /* Avalon.h */,
				3CB9CE371A279A9700CE6757 /* ViewModelBase.swift */,
				3CB9CE4C1A27C16F00CE6757 /* Event.swift */,
				3CA0D9F71A2EF638009CCB08 /* CustomOperators.swift */,
				3C859EF11A1A42D7001BA43F /* ErrorSink.swift */,
				3CDB57421A34485B001DD726 /* AvalonBootstrap.swift */,
				3C865DCA1A3AC47D00D775C8 /* ObservableArray.swift */,
			);
			path = Avalon;
			sourceTree = "<group>";
		};
		3CEE10321A0F5A40002C66E3 /* Supporting Files */ = {
			isa = PBXGroup;
			children = (
				3CEE10331A0F5A40002C66E3 /* Info.plist */,
			);
			name = "Supporting Files";
			sourceTree = "<group>";
		};
/* End PBXGroup section */

/* Begin PBXHeadersBuildPhase section */
		3CEE102C1A0F5A3F002C66E3 /* Headers */ = {
			isa = PBXHeadersBuildPhase;
			buildActionMask = 2147483647;
			files = (
				3CCB555D1A2FC6E100631420 /* AVSwizzle.h in Headers */,
				3C42AE751A37639600FB2AEE /* AVExceptionWrapper.h in Headers */,
				3CEE10351A0F5A40002C66E3 /* Avalon.h in Headers */,
				3C408EB61A19268700D8426F /* AVKeyValueObservingHelper.h in Headers */,
				3C444F921A34455000F72591 /* AVDelegateMultiplexer.h in Headers */,
				3C408EB81A19268700D8426F /* AVValueWrapper.h in Headers */,
			);
			runOnlyForDeploymentPostprocessing = 0;
		};
/* End PBXHeadersBuildPhase section */

/* Begin PBXNativeTarget section */
		3CEE102E1A0F5A3F002C66E3 /* Avalon */ = {
			isa = PBXNativeTarget;
			buildConfigurationList = 3CEE10451A0F5A40002C66E3 /* Build configuration list for PBXNativeTarget "Avalon" */;
			buildPhases = (
				3CEE102A1A0F5A3F002C66E3 /* Sources */,
				3CEE102B1A0F5A3F002C66E3 /* Frameworks */,
				3CEE102C1A0F5A3F002C66E3 /* Headers */,
				3CEE102D1A0F5A3F002C66E3 /* Resources */,
			);
			buildRules = (
			);
			dependencies = (
			);
			name = Avalon;
			productName = Avalon;
			productReference = 3CEE102F1A0F5A3F002C66E3 /* Avalon.framework */;
			productType = "com.apple.product-type.framework";
		};
/* End PBXNativeTarget section */

/* Begin PBXProject section */
		3CEE10261A0F5A3F002C66E3 /* Project object */ = {
			isa = PBXProject;
			attributes = {
				LastUpgradeCheck = 0610;
				ORGANIZATIONNAME = "Colin Eberhardt";
				TargetAttributes = {
					3CEE102E1A0F5A3F002C66E3 = {
						CreatedOnToolsVersion = 6.1;
					};
				};
			};
			buildConfigurationList = 3CEE10291A0F5A3F002C66E3 /* Build configuration list for PBXProject "Avalon" */;
			compatibilityVersion = "Xcode 3.2";
			developmentRegion = English;
			hasScannedForEncodings = 0;
			knownRegions = (
				en,
			);
			mainGroup = 3CEE10251A0F5A3F002C66E3;
			productRefGroup = 3CEE10301A0F5A3F002C66E3 /* Products */;
			projectDirPath = "";
			projectRoot = "";
			targets = (
				3CEE102E1A0F5A3F002C66E3 /* Avalon */,
			);
		};
/* End PBXProject section */

/* Begin PBXResourcesBuildPhase section */
		3CEE102D1A0F5A3F002C66E3 /* Resources */ = {
			isa = PBXResourcesBuildPhase;
			buildActionMask = 2147483647;
			files = (
			);
			runOnlyForDeploymentPostprocessing = 0;
		};
/* End PBXResourcesBuildPhase section */

/* Begin PBXSourcesBuildPhase section */
		3CEE102A1A0F5A3F002C66E3 /* Sources */ = {
			isa = PBXSourcesBuildPhase;
			buildActionMask = 2147483647;
			files = (
				3C444F8D1A34408300F72591 /* UIControlBindingConnector.swift in Sources */,
				3C859EF21A1A42D7001BA43F /* ErrorSink.swift in Sources */,
				3CDD6C141A1A4A21003020AA /* AssociatedPropertyKeys.swift in Sources */,
				3C42AE761A37639600FB2AEE /* AVExceptionWrapper.m in Sources */,
				3CBA42051A43904700E03F6C /* Threading.swift in Sources */,
				3C444F931A34455000F72591 /* AVDelegateMultiplexer.m in Sources */,
				3C444F8C1A34408300F72591 /* KVOBindingConnector.swift in Sources */,
				3CC1CF2F1A51A6ED00820080 /* ValueSetter.swift in Sources */,
				3C5477CA1A1122AA00C80A3C /* UISegmentedControl+Avalon.swift in Sources */,
				3CBA41F51A42C86E00E03F6C /* ArrayFacade.swift in Sources */,
				3C5477691A0FDDDF00C80A3C /* Disposable.swift in Sources */,
				3C408EAF1A16B8A300D8426F /* UIActivityIndicator+Avalon.swift in Sources */,
				3C8AFE791A398AFB00E5D1AD /* UIView+DelegateMulticast.swift in Sources */,
				3C5477C91A1122AA00C80A3C /* UIButton+Avalon.swift in Sources */,
				3C5477641A0FDA4C00C80A3C /* Bindable.swift in Sources */,
				3CB9CE4D1A27C16F00CE6757 /* Event.swift in Sources */,
				3C444F8B1A34408300F72591 /* KVCVerification.swift in Sources */,
				3CDD6C1B1A1AA469003020AA /* UITableView+Avalon.swift in Sources */,
				3CCB555E1A2FC6E100631420 /* AVSwizzle.m in Sources */,
				3C7E57D41A49B8BB000E5560 /* UITextField+Avalon.swift in Sources */,
				3CA0D9F81A2EF638009CCB08 /* CustomOperators.swift in Sources */,
				3CB9CE381A279A9700CE6757 /* ViewModelBase.swift in Sources */,
				3CB57AD51A5704CF004CB37C /* NumberFormatterConverter.swift in Sources */,
				3CB57AD61A57053E004CB37C /* DateFormatterConverter.swift in Sources */,
				3C408EB71A19268700D8426F /* AVKeyValueObservingHelper.m in Sources */,
				3C5477CC1A1122AA00C80A3C /* UIView+AvalonCore.swift in Sources */,
				3CDB57431A34485B001DD726 /* AvalonBootstrap.swift in Sources */,
				3C5477631A0FDA4C00C80A3C /* Binding.swift in Sources */,
				3C5477CB1A1122AA00C80A3C /* UIView+Avalon.swift in Sources */,
				3CBA41F91A436B5900E03F6C /* ItemsController.swift in Sources */,
				3C408ECB1A19283700D8426F /* UIGestureRecognizer+Avalon.swift in Sources */,
				3CB57AE61A583652004CB37C /* NSValueTransformer+Avalon.swift in Sources */,
				3CF998C21A1F93B7004DC5F0 /* UISearchBar+Avalon.swift in Sources */,
				3C5477671A0FDA4C00C80A3C /* BindingMode.swift in Sources */,
				3C408EB91A19268700D8426F /* AVValueWrapper.m in Sources */,
				3C8AFE7B1A39FEEF00E5D1AD /* UITextView+Avalon.swift in Sources */,
				3CDB57451A349723001DD726 /* AssociatedPropertyHelper.swift in Sources */,
				3C865DCB1A3AC47D00D775C8 /* ObservableArray.swift in Sources */,
				3C5477651A0FDA4C00C80A3C /* Action.swift in Sources */,
				3C42AE7A1A38CE4400FB2AEE /* UIPickerView+Avalon.swift in Sources */,
			);
			runOnlyForDeploymentPostprocessing = 0;
		};
/* End PBXSourcesBuildPhase section */

/* Begin XCBuildConfiguration section */
		3CEE10431A0F5A40002C66E3 /* Debug */ = {
			isa = XCBuildConfiguration;
			buildSettings = {
				ALWAYS_SEARCH_USER_PATHS = NO;
				CLANG_CXX_LANGUAGE_STANDARD = "gnu++0x";
				CLANG_CXX_LIBRARY = "libc++";
				CLANG_ENABLE_MODULES = YES;
				CLANG_ENABLE_OBJC_ARC = YES;
				CLANG_WARN_BOOL_CONVERSION = YES;
				CLANG_WARN_CONSTANT_CONVERSION = YES;
				CLANG_WARN_DIRECT_OBJC_ISA_USAGE = YES_ERROR;
				CLANG_WARN_EMPTY_BODY = YES;
				CLANG_WARN_ENUM_CONVERSION = YES;
				CLANG_WARN_INT_CONVERSION = YES;
				CLANG_WARN_OBJC_ROOT_CLASS = YES_ERROR;
				CLANG_WARN_UNREACHABLE_CODE = YES;
				CLANG_WARN__DUPLICATE_METHOD_MATCH = YES;
				"CODE_SIGN_IDENTITY[sdk=iphoneos*]" = "iPhone Developer";
				COPY_PHASE_STRIP = NO;
				CURRENT_PROJECT_VERSION = 1;
				ENABLE_STRICT_OBJC_MSGSEND = YES;
				GCC_C_LANGUAGE_STANDARD = gnu99;
				GCC_DYNAMIC_NO_PIC = NO;
				GCC_OPTIMIZATION_LEVEL = 0;
				GCC_PREPROCESSOR_DEFINITIONS = (
					"DEBUG=1",
					"$(inherited)",
				);
				GCC_SYMBOLS_PRIVATE_EXTERN = NO;
				GCC_WARN_64_TO_32_BIT_CONVERSION = YES;
				GCC_WARN_ABOUT_RETURN_TYPE = YES_ERROR;
				GCC_WARN_UNDECLARED_SELECTOR = YES;
				GCC_WARN_UNINITIALIZED_AUTOS = YES_AGGRESSIVE;
				GCC_WARN_UNUSED_FUNCTION = YES;
				GCC_WARN_UNUSED_VARIABLE = YES;
				IPHONEOS_DEPLOYMENT_TARGET = 8.1;
				MTL_ENABLE_DEBUG_INFO = YES;
				ONLY_ACTIVE_ARCH = YES;
				SDKROOT = iphoneos;
				SWIFT_OPTIMIZATION_LEVEL = "-Onone";
				TARGETED_DEVICE_FAMILY = "1,2";
				VERSIONING_SYSTEM = "apple-generic";
				VERSION_INFO_PREFIX = "";
			};
			name = Debug;
		};
		3CEE10441A0F5A40002C66E3 /* Release */ = {
			isa = XCBuildConfiguration;
			buildSettings = {
				ALWAYS_SEARCH_USER_PATHS = NO;
				CLANG_CXX_LANGUAGE_STANDARD = "gnu++0x";
				CLANG_CXX_LIBRARY = "libc++";
				CLANG_ENABLE_MODULES = YES;
				CLANG_ENABLE_OBJC_ARC = YES;
				CLANG_WARN_BOOL_CONVERSION = YES;
				CLANG_WARN_CONSTANT_CONVERSION = YES;
				CLANG_WARN_DIRECT_OBJC_ISA_USAGE = YES_ERROR;
				CLANG_WARN_EMPTY_BODY = YES;
				CLANG_WARN_ENUM_CONVERSION = YES;
				CLANG_WARN_INT_CONVERSION = YES;
				CLANG_WARN_OBJC_ROOT_CLASS = YES_ERROR;
				CLANG_WARN_UNREACHABLE_CODE = YES;
				CLANG_WARN__DUPLICATE_METHOD_MATCH = YES;
				"CODE_SIGN_IDENTITY[sdk=iphoneos*]" = "iPhone Developer";
				COPY_PHASE_STRIP = YES;
				CURRENT_PROJECT_VERSION = 1;
				ENABLE_NS_ASSERTIONS = NO;
				ENABLE_STRICT_OBJC_MSGSEND = YES;
				GCC_C_LANGUAGE_STANDARD = gnu99;
				GCC_WARN_64_TO_32_BIT_CONVERSION = YES;
				GCC_WARN_ABOUT_RETURN_TYPE = YES_ERROR;
				GCC_WARN_UNDECLARED_SELECTOR = YES;
				GCC_WARN_UNINITIALIZED_AUTOS = YES_AGGRESSIVE;
				GCC_WARN_UNUSED_FUNCTION = YES;
				GCC_WARN_UNUSED_VARIABLE = YES;
				IPHONEOS_DEPLOYMENT_TARGET = 8.1;
				MTL_ENABLE_DEBUG_INFO = NO;
				SDKROOT = iphoneos;
				TARGETED_DEVICE_FAMILY = "1,2";
				VALIDATE_PRODUCT = YES;
				VERSIONING_SYSTEM = "apple-generic";
				VERSION_INFO_PREFIX = "";
			};
			name = Release;
		};
		3CEE10461A0F5A40002C66E3 /* Debug */ = {
			isa = XCBuildConfiguration;
			buildSettings = {
				CLANG_ENABLE_MODULES = YES;
				DEFINES_MODULE = YES;
				DYLIB_COMPATIBILITY_VERSION = 1;
				DYLIB_CURRENT_VERSION = 1;
				DYLIB_INSTALL_NAME_BASE = "@rpath";
				INFOPLIST_FILE = Avalon/Info.plist;
				INSTALL_PATH = "$(LOCAL_LIBRARY_DIR)/Frameworks";
				LD_RUNPATH_SEARCH_PATHS = "$(inherited) @executable_path/Frameworks @loader_path/Frameworks";
				OTHER_LDFLAGS = "";
				PRODUCT_NAME = "$(TARGET_NAME)";
				SKIP_INSTALL = YES;
				SWIFT_OBJC_BRIDGING_HEADER = "";
				SWIFT_OPTIMIZATION_LEVEL = "-Onone";
			};
			name = Debug;
		};
		3CEE10471A0F5A40002C66E3 /* Release */ = {
			isa = XCBuildConfiguration;
			buildSettings = {
				CLANG_ENABLE_MODULES = YES;
				DEFINES_MODULE = YES;
				DYLIB_COMPATIBILITY_VERSION = 1;
				DYLIB_CURRENT_VERSION = 1;
				DYLIB_INSTALL_NAME_BASE = "@rpath";
				INFOPLIST_FILE = Avalon/Info.plist;
				INSTALL_PATH = "$(LOCAL_LIBRARY_DIR)/Frameworks";
				LD_RUNPATH_SEARCH_PATHS = "$(inherited) @executable_path/Frameworks @loader_path/Frameworks";
				OTHER_LDFLAGS = "";
				PRODUCT_NAME = "$(TARGET_NAME)";
				SKIP_INSTALL = YES;
				SWIFT_OBJC_BRIDGING_HEADER = "";
			};
			name = Release;
		};
/* End XCBuildConfiguration section */

/* Begin XCConfigurationList section */
		3CEE10291A0F5A3F002C66E3 /* Build configuration list for PBXProject "Avalon" */ = {
			isa = XCConfigurationList;
			buildConfigurations = (
				3CEE10431A0F5A40002C66E3 /* Debug */,
				3CEE10441A0F5A40002C66E3 /* Release */,
			);
			defaultConfigurationIsVisible = 0;
			defaultConfigurationName = Release;
		};
		3CEE10451A0F5A40002C66E3 /* Build configuration list for PBXNativeTarget "Avalon" */ = {
			isa = XCConfigurationList;
			buildConfigurations = (
				3CEE10461A0F5A40002C66E3 /* Debug */,
				3CEE10471A0F5A40002C66E3 /* Release */,
			);
			defaultConfigurationIsVisible = 0;
			defaultConfigurationName = Release;
		};
/* End XCConfigurationList section */
	};
	rootObject = 3CEE10261A0F5A3F002C66E3 /* Project object */;
}
