// !$*UTF8*$!
{
	archiveVersion = 1;
	classes = {
	};
	objectVersion = 46;
	objects = {

/* Begin PBXBuildFile section */
		3C5477841A0FF62800C80A3C /* AppDelegate.swift in Sources */ = {isa = PBXBuildFile; fileRef = 3C5477831A0FF62800C80A3C /* AppDelegate.swift */; };
		3C5477861A0FF62800C80A3C /* ViewController.swift in Sources */ = {isa = PBXBuildFile; fileRef = 3C5477851A0FF62800C80A3C /* ViewController.swift */; };
		3C5477891A0FF62800C80A3C /* Main.storyboard in Resources */ = {isa = PBXBuildFile; fileRef = 3C5477871A0FF62800C80A3C /* Main.storyboard */; };
		3C54778B1A0FF62800C80A3C /* Images.xcassets in Resources */ = {isa = PBXBuildFile; fileRef = 3C54778A1A0FF62800C80A3C /* Images.xcassets */; };
		3C54778E1A0FF62800C80A3C /* LaunchScreen.xib in Resources */ = {isa = PBXBuildFile; fileRef = 3C54778C1A0FF62800C80A3C /* LaunchScreen.xib */; };
		3C5477AC1A0FF65100C80A3C /* Avalon.framework in Frameworks */ = {isa = PBXBuildFile; fileRef = 3C5477A91A0FF64200C80A3C /* Avalon.framework */; };
		3C5477AE1A0FF6A900C80A3C /* ColorPickerViewModel.swift in Sources */ = {isa = PBXBuildFile; fileRef = 3C5477AD1A0FF6A900C80A3C /* ColorPickerViewModel.swift */; };
		3C5477B01A0FF71400C80A3C /* NumberToStringConverter.swift in Sources */ = {isa = PBXBuildFile; fileRef = 3C5477AF1A0FF71400C80A3C /* NumberToStringConverter.swift */; };
/* End PBXBuildFile section */

/* Begin PBXContainerItemProxy section */
		3C5477A81A0FF64200C80A3C /* PBXContainerItemProxy */ = {
			isa = PBXContainerItemProxy;
			containerPortal = 3C5477A31A0FF64100C80A3C /* Avalon.xcodeproj */;
			proxyType = 2;
			remoteGlobalIDString = 3CEE102F1A0F5A3F002C66E3;
			remoteInfo = Avalon;
		};
		3C5477AA1A0FF64200C80A3C /* PBXContainerItemProxy */ = {
			isa = PBXContainerItemProxy;
			containerPortal = 3C5477A31A0FF64100C80A3C /* Avalon.xcodeproj */;
			proxyType = 2;
			remoteGlobalIDString = 3CEE103A1A0F5A40002C66E3;
			remoteInfo = AvalonTests;
		};
/* End PBXContainerItemProxy section */

/* Begin PBXFileReference section */
		3C54777E1A0FF62800C80A3C /* ColorPicker.app */ = {isa = PBXFileReference; explicitFileType = wrapper.application; includeInIndex = 0; path = ColorPicker.app; sourceTree = BUILT_PRODUCTS_DIR; };
		3C5477821A0FF62800C80A3C /* Info.plist */ = {isa = PBXFileReference; lastKnownFileType = text.plist.xml; path = Info.plist; sourceTree = "<group>"; };
		3C5477831A0FF62800C80A3C /* AppDelegate.swift */ = {isa = PBXFileReference; lastKnownFileType = sourcecode.swift; path = AppDelegate.swift; sourceTree = "<group>"; };
		3C5477851A0FF62800C80A3C /* ViewController.swift */ = {isa = PBXFileReference; lastKnownFileType = sourcecode.swift; path = ViewController.swift; sourceTree = "<group>"; };
		3C5477881A0FF62800C80A3C /* Base */ = {isa = PBXFileReference; lastKnownFileType = file.storyboard; name = Base; path = Base.lproj/Main.storyboard; sourceTree = "<group>"; };
		3C54778A1A0FF62800C80A3C /* Images.xcassets */ = {isa = PBXFileReference; lastKnownFileType = folder.assetcatalog; path = Images.xcassets; sourceTree = "<group>"; };
		3C54778D1A0FF62800C80A3C /* Base */ = {isa = PBXFileReference; lastKnownFileType = file.xib; name = Base; path = Base.lproj/LaunchScreen.xib; sourceTree = "<group>"; };
		3C5477A31A0FF64100C80A3C /* Avalon.xcodeproj */ = {isa = PBXFileReference; lastKnownFileType = "wrapper.pb-project"; name = Avalon.xcodeproj; path = ../../Avalon.xcodeproj; sourceTree = "<group>"; };
		3C5477AD1A0FF6A900C80A3C /* ColorPickerViewModel.swift */ = {isa = PBXFileReference; fileEncoding = 4; lastKnownFileType = sourcecode.swift; path = ColorPickerViewModel.swift; sourceTree = "<group>"; };
		3C5477AF1A0FF71400C80A3C /* NumberToStringConverter.swift */ = {isa = PBXFileReference; fileEncoding = 4; lastKnownFileType = sourcecode.swift; path = NumberToStringConverter.swift; sourceTree = "<group>"; };
/* End PBXFileReference section */

/* Begin PBXFrameworksBuildPhase section */
		3C54777B1A0FF62800C80A3C /* Frameworks */ = {
			isa = PBXFrameworksBuildPhase;
			buildActionMask = 2147483647;
			files = (
				3C5477AC1A0FF65100C80A3C /* Avalon.framework in Frameworks */,
			);
			runOnlyForDeploymentPostprocessing = 0;
		};
/* End PBXFrameworksBuildPhase section */

/* Begin PBXGroup section */
		3C5477751A0FF62800C80A3C = {
			isa = PBXGroup;
			children = (
				3C5477A31A0FF64100C80A3C /* Avalon.xcodeproj */,
				3C5477801A0FF62800C80A3C /* ColorPicker */,
				3C54777F1A0FF62800C80A3C /* Products */,
			);
			sourceTree = "<group>";
		};
		3C54777F1A0FF62800C80A3C /* Products */ = {
			isa = PBXGroup;
			children = (
				3C54777E1A0FF62800C80A3C /* ColorPicker.app */,
			);
			name = Products;
			sourceTree = "<group>";
		};
		3C5477801A0FF62800C80A3C /* ColorPicker */ = {
			isa = PBXGroup;
			children = (
				3C5477831A0FF62800C80A3C /* AppDelegate.swift */,
				3C5477851A0FF62800C80A3C /* ViewController.swift */,
				3C5477871A0FF62800C80A3C /* Main.storyboard */,
				3C54778A1A0FF62800C80A3C /* Images.xcassets */,
				3C54778C1A0FF62800C80A3C /* LaunchScreen.xib */,
				3C5477811A0FF62800C80A3C /* Supporting Files */,
				3C5477AD1A0FF6A900C80A3C /* ColorPickerViewModel.swift */,
				3C5477AF1A0FF71400C80A3C /* NumberToStringConverter.swift */,
			);
			path = ColorPicker;
			sourceTree = "<group>";
		};
		3C5477811A0FF62800C80A3C /* Supporting Files */ = {
			isa = PBXGroup;
			children = (
				3C5477821A0FF62800C80A3C /* Info.plist */,
			);
			name = "Supporting Files";
			sourceTree = "<group>";
		};
		3C5477A41A0FF64100C80A3C /* Products */ = {
			isa = PBXGroup;
			children = (
				3C5477A91A0FF64200C80A3C /* Avalon.framework */,
				3C5477AB1A0FF64200C80A3C /* AvalonTests.xctest */,
			);
			name = Products;
			sourceTree = "<group>";
		};
/* End PBXGroup section */

/* Begin PBXNativeTarget section */
		3C54777D1A0FF62800C80A3C /* ColorPicker */ = {
			isa = PBXNativeTarget;
			buildConfigurationList = 3C54779D1A0FF62800C80A3C /* Build configuration list for PBXNativeTarget "ColorPicker" */;
			buildPhases = (
				3C54777A1A0FF62800C80A3C /* Sources */,
				3C54777B1A0FF62800C80A3C /* Frameworks */,
				3C54777C1A0FF62800C80A3C /* Resources */,
			);
			buildRules = (
			);
			dependencies = (
			);
			name = ColorPicker;
			productName = ColorPicker;
			productReference = 3C54777E1A0FF62800C80A3C /* ColorPicker.app */;
			productType = "com.apple.product-type.application";
		};
/* End PBXNativeTarget section */

/* Begin PBXProject section */
		3C5477761A0FF62800C80A3C /* Project object */ = {
			isa = PBXProject;
			attributes = {
				LastUpgradeCheck = 0610;
				ORGANIZATIONNAME = "Colin Eberhardt";
				TargetAttributes = {
					3C54777D1A0FF62800C80A3C = {
						CreatedOnToolsVersion = 6.1;
					};
				};
			};
			buildConfigurationList = 3C5477791A0FF62800C80A3C /* Build configuration list for PBXProject "ColorPicker" */;
			compatibilityVersion = "Xcode 3.2";
			developmentRegion = English;
			hasScannedForEncodings = 0;
			knownRegions = (
				en,
				Base,
			);
			mainGroup = 3C5477751A0FF62800C80A3C;
			productRefGroup = 3C54777F1A0FF62800C80A3C /* Products */;
			projectDirPath = "";
			projectReferences = (
				{
					ProductGroup = 3C5477A41A0FF64100C80A3C /* Products */;
					ProjectRef = 3C5477A31A0FF64100C80A3C /* Avalon.xcodeproj */;
				},
			);
			projectRoot = "";
			targets = (
				3C54777D1A0FF62800C80A3C /* ColorPicker */,
			);
		};
/* End PBXProject section */

/* Begin PBXReferenceProxy section */
		3C5477A91A0FF64200C80A3C /* Avalon.framework */ = {
			isa = PBXReferenceProxy;
			fileType = wrapper.framework;
			path = Avalon.framework;
			remoteRef = 3C5477A81A0FF64200C80A3C /* PBXContainerItemProxy */;
			sourceTree = BUILT_PRODUCTS_DIR;
		};
		3C5477AB1A0FF64200C80A3C /* AvalonTests.xctest */ = {
			isa = PBXReferenceProxy;
			fileType = wrapper.cfbundle;
			path = AvalonTests.xctest;
			remoteRef = 3C5477AA1A0FF64200C80A3C /* PBXContainerItemProxy */;
			sourceTree = BUILT_PRODUCTS_DIR;
		};
/* End PBXReferenceProxy section */

/* Begin PBXResourcesBuildPhase section */
		3C54777C1A0FF62800C80A3C /* Resources */ = {
			isa = PBXResourcesBuildPhase;
			buildActionMask = 2147483647;
			files = (
				3C5477891A0FF62800C80A3C /* Main.storyboard in Resources */,
				3C54778E1A0FF62800C80A3C /* LaunchScreen.xib in Resources */,
				3C54778B1A0FF62800C80A3C /* Images.xcassets in Resources */,
			);
			runOnlyForDeploymentPostprocessing = 0;
		};
/* End PBXResourcesBuildPhase section */

/* Begin PBXSourcesBuildPhase section */
		3C54777A1A0FF62800C80A3C /* Sources */ = {
			isa = PBXSourcesBuildPhase;
			buildActionMask = 2147483647;
			files = (
				3C5477AE1A0FF6A900C80A3C /* ColorPickerViewModel.swift in Sources */,
				3C5477861A0FF62800C80A3C /* ViewController.swift in Sources */,
				3C5477841A0FF62800C80A3C /* AppDelegate.swift in Sources */,
				3C5477B01A0FF71400C80A3C /* NumberToStringConverter.swift in Sources */,
			);
			runOnlyForDeploymentPostprocessing = 0;
		};
/* End PBXSourcesBuildPhase section */

/* Begin PBXVariantGroup section */
		3C5477871A0FF62800C80A3C /* Main.storyboard */ = {
			isa = PBXVariantGroup;
			children = (
				3C5477881A0FF62800C80A3C /* Base */,
			);
			name = Main.storyboard;
			sourceTree = "<group>";
		};
		3C54778C1A0FF62800C80A3C /* LaunchScreen.xib */ = {
			isa = PBXVariantGroup;
			children = (
				3C54778D1A0FF62800C80A3C /* Base */,
			);
			name = LaunchScreen.xib;
			sourceTree = "<group>";
		};
/* End PBXVariantGroup section */

/* Begin XCBuildConfiguration section */
		3C54779B1A0FF62800C80A3C /* Debug */ = {
			isa = XCBuildConfiguration;
			buildSettings = {
				ALWAYS_SEARCH_USER_PATHS = NO;
				CLANG_CXX_LANGUAGE_STANDARD = "gnu++0x";
				CLANG_CXX_LIBRARY = "libc++";
				CLANG_ENABLE_MODULES = YES;
				CLANG_ENABLE_OBJC_ARC = YES;
				CLANG_WARN_BOOL_CONVERSION = YES;
				CLANG_WARN_CONSTANT_CONVERSION = YES;
				CLANG_WARN_DIRECT_OBJC_ISA_USAGE = YES_ERROR;
				CLANG_WARN_EMPTY_BODY = YES;
				CLANG_WARN_ENUM_CONVERSION = YES;
				CLANG_WARN_INT_CONVERSION = YES;
				CLANG_WARN_OBJC_ROOT_CLASS = YES_ERROR;
				CLANG_WARN_UNREACHABLE_CODE = YES;
				CLANG_WARN__DUPLICATE_METHOD_MATCH = YES;
				"CODE_SIGN_IDENTITY[sdk=iphoneos*]" = "iPhone Developer";
				COPY_PHASE_STRIP = NO;
				ENABLE_STRICT_OBJC_MSGSEND = YES;
				GCC_C_LANGUAGE_STANDARD = gnu99;
				GCC_DYNAMIC_NO_PIC = NO;
				GCC_OPTIMIZATION_LEVEL = 0;
				GCC_PREPROCESSOR_DEFINITIONS = (
					"DEBUG=1",
					"$(inherited)",
				);
				GCC_SYMBOLS_PRIVATE_EXTERN = NO;
				GCC_WARN_64_TO_32_BIT_CONVERSION = YES;
				GCC_WARN_ABOUT_RETURN_TYPE = YES_ERROR;
				GCC_WARN_UNDECLARED_SELECTOR = YES;
				GCC_WARN_UNINITIALIZED_AUTOS = YES_AGGRESSIVE;
				GCC_WARN_UNUSED_FUNCTION = YES;
				GCC_WARN_UNUSED_VARIABLE = YES;
				IPHONEOS_DEPLOYMENT_TARGET = 8.1;
				MTL_ENABLE_DEBUG_INFO = YES;
				ONLY_ACTIVE_ARCH = YES;
				SDKROOT = iphoneos;
				SWIFT_OPTIMIZATION_LEVEL = "-Onone";
			};
			name = Debug;
		};
		3C54779C1A0FF62800C80A3C /* Release */ = {
			isa = XCBuildConfiguration;
			buildSettings = {
				ALWAYS_SEARCH_USER_PATHS = NO;
				CLANG_CXX_LANGUAGE_STANDARD = "gnu++0x";
				CLANG_CXX_LIBRARY = "libc++";
				CLANG_ENABLE_MODULES = YES;
				CLANG_ENABLE_OBJC_ARC = YES;
				CLANG_WARN_BOOL_CONVERSION = YES;
				CLANG_WARN_CONSTANT_CONVERSION = YES;
				CLANG_WARN_DIRECT_OBJC_ISA_USAGE = YES_ERROR;
				CLANG_WARN_EMPTY_BODY = YES;
				CLANG_WARN_ENUM_CONVERSION = YES;
				CLANG_WARN_INT_CONVERSION = YES;
				CLANG_WARN_OBJC_ROOT_CLASS = YES_ERROR;
				CLANG_WARN_UNREACHABLE_CODE = YES;
				CLANG_WARN__DUPLICATE_METHOD_MATCH = YES;
				"CODE_SIGN_IDENTITY[sdk=iphoneos*]" = "iPhone Developer";
				COPY_PHASE_STRIP = YES;
				ENABLE_NS_ASSERTIONS = NO;
				ENABLE_STRICT_OBJC_MSGSEND = YES;
				GCC_C_LANGUAGE_STANDARD = gnu99;
				GCC_WARN_64_TO_32_BIT_CONVERSION = YES;
				GCC_WARN_ABOUT_RETURN_TYPE = YES_ERROR;
				GCC_WARN_UNDECLARED_SELECTOR = YES;
				GCC_WARN_UNINITIALIZED_AUTOS = YES_AGGRESSIVE;
				GCC_WARN_UNUSED_FUNCTION = YES;
				GCC_WARN_UNUSED_VARIABLE = YES;
				IPHONEOS_DEPLOYMENT_TARGET = 8.1;
				MTL_ENABLE_DEBUG_INFO = NO;
				SDKROOT = iphoneos;
				VALIDATE_PRODUCT = YES;
			};
			name = Release;
		};
		3C54779E1A0FF62800C80A3C /* Debug */ = {
			isa = XCBuildConfiguration;
			buildSettings = {
				ASSETCATALOG_COMPILER_APPICON_NAME = AppIcon;
				INFOPLIST_FILE = ColorPicker/Info.plist;
				LD_RUNPATH_SEARCH_PATHS = "$(inherited) @executable_path/Frameworks";
				PRODUCT_NAME = "$(TARGET_NAME)";
			};
			name = Debug;
		};
		3C54779F1A0FF62800C80A3C /* Release */ = {
			isa = XCBuildConfiguration;
			buildSettings = {
				ASSETCATALOG_COMPILER_APPICON_NAME = AppIcon;
				INFOPLIST_FILE = ColorPicker/Info.plist;
				LD_RUNPATH_SEARCH_PATHS = "$(inherited) @executable_path/Frameworks";
				PRODUCT_NAME = "$(TARGET_NAME)";
			};
			name = Release;
		};
/* End XCBuildConfiguration section */

/* Begin XCConfigurationList section */
		3C5477791A0FF62800C80A3C /* Build configuration list for PBXProject "ColorPicker" */ = {
			isa = XCConfigurationList;
			buildConfigurations = (
				3C54779B1A0FF62800C80A3C /* Debug */,
				3C54779C1A0FF62800C80A3C /* Release */,
			);
			defaultConfigurationIsVisible = 0;
			defaultConfigurationName = Release;
		};
		3C54779D1A0FF62800C80A3C /* Build configuration list for PBXNativeTarget "ColorPicker" */ = {
			isa = XCConfigurationList;
			buildConfigurations = (
				3C54779E1A0FF62800C80A3C /* Debug */,
				3C54779F1A0FF62800C80A3C /* Release */,
			);
			defaultConfigurationIsVisible = 0;
			defaultConfigurationName = Release;
		};
/* End XCConfigurationList section */
	};
	rootObject = 3C5477761A0FF62800C80A3C /* Project object */;
}
