// !$*UTF8*$!
{
	archiveVersion = 1;
	classes = {
	};
	objectVersion = 46;
	objects = {

/* Begin PBXBuildFile section */
		3C5477E81A11E2B000C80A3C /* AppDelegate.swift in Sources */ = {isa = PBXBuildFile; fileRef = 3C5477E71A11E2B000C80A3C /* AppDelegate.swift */; };
		3C5477EA1A11E2B000C80A3C /* ViewController.swift in Sources */ = {isa = PBXBuildFile; fileRef = 3C5477E91A11E2B000C80A3C /* ViewController.swift */; };
		3C5477ED1A11E2B000C80A3C /* Main.storyboard in Resources */ = {isa = PBXBuildFile; fileRef = 3C5477EB1A11E2B000C80A3C /* Main.storyboard */; };
		3C5477EF1A11E2B000C80A3C /* Images.xcassets in Resources */ = {isa = PBXBuildFile; fileRef = 3C5477EE1A11E2B000C80A3C /* Images.xcassets */; };
		3C5477F21A11E2B000C80A3C /* LaunchScreen.xib in Resources */ = {isa = PBXBuildFile; fileRef = 3C5477F01A11E2B000C80A3C /* LaunchScreen.xib */; };
		3C5477FE1A11E2B000C80A3C /* KitchenSinkTests.swift in Sources */ = {isa = PBXBuildFile; fileRef = 3C5477FD1A11E2B000C80A3C /* KitchenSinkTests.swift */; };
		3C5478101A11E2C600C80A3C /* Avalon.framework in Frameworks */ = {isa = PBXBuildFile; fileRef = 3C54780D1A11E2BC00C80A3C /* Avalon.framework */; };
		3C5478121A11E30000C80A3C /* KitchenSinkViewModel.swift in Sources */ = {isa = PBXBuildFile; fileRef = 3C5478111A11E30000C80A3C /* KitchenSinkViewModel.swift */; };
		3C7665C51A5A797F0040A8CA /* ContactsEditorViewController.swift in Sources */ = {isa = PBXBuildFile; fileRef = 3C7665C41A5A797F0040A8CA /* ContactsEditorViewController.swift */; };
		3C7665C81A5A79A70040A8CA /* ContactsEditotViewModel.swift in Sources */ = {isa = PBXBuildFile; fileRef = 3C7665C71A5A79A70040A8CA /* ContactsEditotViewModel.swift */; };
		3C7E57D61A49BDD2000E5560 /* BindingModeViewController.swift in Sources */ = {isa = PBXBuildFile; fileRef = 3C7E57D51A49BDD2000E5560 /* BindingModeViewController.swift */; };
		3C7E57D91A49BDF9000E5560 /* BindingModeViewModel.swift in Sources */ = {isa = PBXBuildFile; fileRef = 3C7E57D81A49BDF9000E5560 /* BindingModeViewModel.swift */; };
		3C7E57DB1A49DA58000E5560 /* ValueConverterViewController.swift in Sources */ = {isa = PBXBuildFile; fileRef = 3C7E57DA1A49DA58000E5560 /* ValueConverterViewController.swift */; };
		3C7E57DD1A49DB22000E5560 /* ValueConverterViewModel.swift in Sources */ = {isa = PBXBuildFile; fileRef = 3C7E57DC1A49DB22000E5560 /* ValueConverterViewModel.swift */; };
		3C865DDA1A3EB83900D775C8 /* ObservableArrayViewController.swift in Sources */ = {isa = PBXBuildFile; fileRef = 3C865DD91A3EB83900D775C8 /* ObservableArrayViewController.swift */; };
		3C865DDE1A4006FF00D775C8 /* ObservableArrayViewModel.swift in Sources */ = {isa = PBXBuildFile; fileRef = 3C865DDD1A4006FF00D775C8 /* ObservableArrayViewModel.swift */; };
		3C8AFE741A39717700E5D1AD /* Avalon.png in Resources */ = {isa = PBXBuildFile; fileRef = 3C8AFE731A39717700E5D1AD /* Avalon.png */; };
		3CE0FD371A477C150084FF8C /* SimpleBindingsViewModel.swift in Sources */ = {isa = PBXBuildFile; fileRef = 3CE0FD361A477C150084FF8C /* SimpleBindingsViewModel.swift */; };
		3CE0FD3A1A477C240084FF8C /* SimpleBindingsViewController.swift in Sources */ = {isa = PBXBuildFile; fileRef = 3CE0FD391A477C240084FF8C /* SimpleBindingsViewController.swift */; };
		3CE0FD3C1A47836E0084FF8C /* 10272081.jpg in Resources */ = {isa = PBXBuildFile; fileRef = 3CE0FD3B1A47836E0084FF8C /* 10272081.jpg */; };
		3CE0FD3E1A4784430084FF8C /* MapKit.framework in Frameworks */ = {isa = PBXBuildFile; fileRef = 3CE0FD3D1A4784430084FF8C /* MapKit.framework */; };
		3CE0FD401A48054F0084FF8C /* TwoWayBindingViewController.swift in Sources */ = {isa = PBXBuildFile; fileRef = 3CE0FD3F1A48054F0084FF8C /* TwoWayBindingViewController.swift */; };
		3CE0FD421A4805790084FF8C /* TwoWayBindingViewModel.swift in Sources */ = {isa = PBXBuildFile; fileRef = 3CE0FD411A4805790084FF8C /* TwoWayBindingViewModel.swift */; };
		3CE0FD441A4879610084FF8C /* MasterDetailViewController.swift in Sources */ = {isa = PBXBuildFile; fileRef = 3CE0FD431A4879610084FF8C /* MasterDetailViewController.swift */; };
		3CE0FD461A4879B00084FF8C /* MasterDetailViewModel.swift in Sources */ = {isa = PBXBuildFile; fileRef = 3CE0FD451A4879B00084FF8C /* MasterDetailViewModel.swift */; };
/* End PBXBuildFile section */

/* Begin PBXContainerItemProxy section */
		3C5477F81A11E2B000C80A3C /* PBXContainerItemProxy */ = {
			isa = PBXContainerItemProxy;
			containerPortal = 3C5477DA1A11E2B000C80A3C /* Project object */;
			proxyType = 1;
			remoteGlobalIDString = 3C5477E11A11E2B000C80A3C;
			remoteInfo = KitchenSink;
		};
		3C54780C1A11E2BC00C80A3C /* PBXContainerItemProxy */ = {
			isa = PBXContainerItemProxy;
			containerPortal = 3C5478071A11E2BC00C80A3C /* Avalon.xcodeproj */;
			proxyType = 2;
			remoteGlobalIDString = 3CEE102F1A0F5A3F002C66E3;
			remoteInfo = Avalon;
		};
/* End PBXContainerItemProxy section */

/* Begin PBXFileReference section */
		3C5477E21A11E2B000C80A3C /* KitchenSink.app */ = {isa = PBXFileReference; explicitFileType = wrapper.application; includeInIndex = 0; path = KitchenSink.app; sourceTree = BUILT_PRODUCTS_DIR; };
		3C5477E61A11E2B000C80A3C /* Info.plist */ = {isa = PBXFileReference; lastKnownFileType = text.plist.xml; path = Info.plist; sourceTree = "<group>"; };
		3C5477E71A11E2B000C80A3C /* AppDelegate.swift */ = {isa = PBXFileReference; lastKnownFileType = sourcecode.swift; path = AppDelegate.swift; sourceTree = "<group>"; };
		3C5477E91A11E2B000C80A3C /* ViewController.swift */ = {isa = PBXFileReference; lastKnownFileType = sourcecode.swift; path = ViewController.swift; sourceTree = "<group>"; };
		3C5477EC1A11E2B000C80A3C /* Base */ = {isa = PBXFileReference; lastKnownFileType = file.storyboard; name = Base; path = Base.lproj/Main.storyboard; sourceTree = "<group>"; };
		3C5477EE1A11E2B000C80A3C /* Images.xcassets */ = {isa = PBXFileReference; lastKnownFileType = folder.assetcatalog; path = Images.xcassets; sourceTree = "<group>"; };
		3C5477F11A11E2B000C80A3C /* Base */ = {isa = PBXFileReference; lastKnownFileType = file.xib; name = Base; path = Base.lproj/LaunchScreen.xib; sourceTree = "<group>"; };
		3C5477F71A11E2B000C80A3C /* KitchenSinkTests.xctest */ = {isa = PBXFileReference; explicitFileType = wrapper.cfbundle; includeInIndex = 0; path = KitchenSinkTests.xctest; sourceTree = BUILT_PRODUCTS_DIR; };
		3C5477FC1A11E2B000C80A3C /* Info.plist */ = {isa = PBXFileReference; lastKnownFileType = text.plist.xml; path = Info.plist; sourceTree = "<group>"; };
		3C5477FD1A11E2B000C80A3C /* KitchenSinkTests.swift */ = {isa = PBXFileReference; lastKnownFileType = sourcecode.swift; path = KitchenSinkTests.swift; sourceTree = "<group>"; };
		3C5478071A11E2BC00C80A3C /* Avalon.xcodeproj */ = {isa = PBXFileReference; lastKnownFileType = "wrapper.pb-project"; name = Avalon.xcodeproj; path = ../../Avalon.xcodeproj; sourceTree = "<group>"; };
		3C5478111A11E30000C80A3C /* KitchenSinkViewModel.swift */ = {isa = PBXFileReference; fileEncoding = 4; lastKnownFileType = sourcecode.swift; path = KitchenSinkViewModel.swift; sourceTree = "<group>"; };
		3C7665C41A5A797F0040A8CA /* ContactsEditorViewController.swift */ = {isa = PBXFileReference; fileEncoding = 4; lastKnownFileType = sourcecode.swift; path = ContactsEditorViewController.swift; sourceTree = "<group>"; };
		3C7665C71A5A79A70040A8CA /* ContactsEditotViewModel.swift */ = {isa = PBXFileReference; fileEncoding = 4; lastKnownFileType = sourcecode.swift; path = ContactsEditotViewModel.swift; sourceTree = "<group>"; };
		3C7E57D51A49BDD2000E5560 /* BindingModeViewController.swift */ = {isa = PBXFileReference; fileEncoding = 4; lastKnownFileType = sourcecode.swift; path = BindingModeViewController.swift; sourceTree = "<group>"; };
		3C7E57D81A49BDF9000E5560 /* BindingModeViewModel.swift */ = {isa = PBXFileReference; fileEncoding = 4; lastKnownFileType = sourcecode.swift; path = BindingModeViewModel.swift; sourceTree = "<group>"; };
		3C7E57DA1A49DA58000E5560 /* ValueConverterViewController.swift */ = {isa = PBXFileReference; fileEncoding = 4; lastKnownFileType = sourcecode.swift; path = ValueConverterViewController.swift; sourceTree = "<group>"; };
		3C7E57DC1A49DB22000E5560 /* ValueConverterViewModel.swift */ = {isa = PBXFileReference; fileEncoding = 4; lastKnownFileType = sourcecode.swift; path = ValueConverterViewModel.swift; sourceTree = "<group>"; };
		3C865DD91A3EB83900D775C8 /* ObservableArrayViewController.swift */ = {isa = PBXFileReference; fileEncoding = 4; lastKnownFileType = sourcecode.swift; path = ObservableArrayViewController.swift; sourceTree = "<group>"; };
		3C865DDD1A4006FF00D775C8 /* ObservableArrayViewModel.swift */ = {isa = PBXFileReference; fileEncoding = 4; lastKnownFileType = sourcecode.swift; path = ObservableArrayViewModel.swift; sourceTree = "<group>"; };
		3C8AFE731A39717700E5D1AD /* Avalon.png */ = {isa = PBXFileReference; lastKnownFileType = image.png; path = Avalon.png; sourceTree = "<group>"; };
		3CE0FD361A477C150084FF8C /* SimpleBindingsViewModel.swift */ = {isa = PBXFileReference; fileEncoding = 4; lastKnownFileType = sourcecode.swift; path = SimpleBindingsViewModel.swift; sourceTree = "<group>"; };
		3CE0FD391A477C240084FF8C /* SimpleBindingsViewController.swift */ = {isa = PBXFileReference; fileEncoding = 4; lastKnownFileType = sourcecode.swift; path = SimpleBindingsViewController.swift; sourceTree = "<group>"; };
		3CE0FD3B1A47836E0084FF8C /* 10272081.jpg */ = {isa = PBXFileReference; lastKnownFileType = image.jpeg; path = 10272081.jpg; sourceTree = "<group>"; };
		3CE0FD3D1A4784430084FF8C /* MapKit.framework */ = {isa = PBXFileReference; lastKnownFileType = wrapper.framework; name = MapKit.framework; path = System/Library/Frameworks/MapKit.framework; sourceTree = SDKROOT; };
		3CE0FD3F1A48054F0084FF8C /* TwoWayBindingViewController.swift */ = {isa = PBXFileReference; fileEncoding = 4; lastKnownFileType = sourcecode.swift; path = TwoWayBindingViewController.swift; sourceTree = "<group>"; };
		3CE0FD411A4805790084FF8C /* TwoWayBindingViewModel.swift */ = {isa = PBXFileReference; fileEncoding = 4; lastKnownFileType = sourcecode.swift; path = TwoWayBindingViewModel.swift; sourceTree = "<group>"; };
		3CE0FD431A4879610084FF8C /* MasterDetailViewController.swift */ = {isa = PBXFileReference; fileEncoding = 4; lastKnownFileType = sourcecode.swift; path = MasterDetailViewController.swift; sourceTree = "<group>"; };
		3CE0FD451A4879B00084FF8C /* MasterDetailViewModel.swift */ = {isa = PBXFileReference; fileEncoding = 4; lastKnownFileType = sourcecode.swift; path = MasterDetailViewModel.swift; sourceTree = "<group>"; };
/* End PBXFileReference section */

/* Begin PBXFrameworksBuildPhase section */
		3C5477DF1A11E2B000C80A3C /* Frameworks */ = {
			isa = PBXFrameworksBuildPhase;
			buildActionMask = 2147483647;
			files = (
				3CE0FD3E1A4784430084FF8C /* MapKit.framework in Frameworks */,
				3C5478101A11E2C600C80A3C /* Avalon.framework in Frameworks */,
			);
			runOnlyForDeploymentPostprocessing = 0;
		};
		3C5477F41A11E2B000C80A3C /* Frameworks */ = {
			isa = PBXFrameworksBuildPhase;
			buildActionMask = 2147483647;
			files = (
			);
			runOnlyForDeploymentPostprocessing = 0;
		};
/* End PBXFrameworksBuildPhase section */

/* Begin PBXGroup section */
		3C5477D91A11E2B000C80A3C = {
			isa = PBXGroup;
			children = (
				3CE0FD3D1A4784430084FF8C /* MapKit.framework */,
				3C5478071A11E2BC00C80A3C /* Avalon.xcodeproj */,
				3C5477E41A11E2B000C80A3C /* KitchenSink */,
				3C5477FA1A11E2B000C80A3C /* KitchenSinkTests */,
				3C5477E31A11E2B000C80A3C /* Products */,
			);
			sourceTree = "<group>";
		};
		3C5477E31A11E2B000C80A3C /* Products */ = {
			isa = PBXGroup;
			children = (
				3C5477E21A11E2B000C80A3C /* KitchenSink.app */,
				3C5477F71A11E2B000C80A3C /* KitchenSinkTests.xctest */,
			);
			name = Products;
			sourceTree = "<group>";
		};
		3C5477E41A11E2B000C80A3C /* KitchenSink */ = {
			isa = PBXGroup;
			children = (
				3CE0FD3B1A47836E0084FF8C /* 10272081.jpg */,
				3C8AFE731A39717700E5D1AD /* Avalon.png */,
				3C5477E71A11E2B000C80A3C /* AppDelegate.swift */,
				3C5477E91A11E2B000C80A3C /* ViewController.swift */,
				3C5477EB1A11E2B000C80A3C /* Main.storyboard */,
				3C5477EE1A11E2B000C80A3C /* Images.xcassets */,
				3C5477F01A11E2B000C80A3C /* LaunchScreen.xib */,
				3C5477E51A11E2B000C80A3C /* Supporting Files */,
				3C5478111A11E30000C80A3C /* KitchenSinkViewModel.swift */,
				3C865DD91A3EB83900D775C8 /* ObservableArrayViewController.swift */,
				3C865DDD1A4006FF00D775C8 /* ObservableArrayViewModel.swift */,
				3CE0FD361A477C150084FF8C /* SimpleBindingsViewModel.swift */,
				3CE0FD391A477C240084FF8C /* SimpleBindingsViewController.swift */,
				3CE0FD411A4805790084FF8C /* TwoWayBindingViewModel.swift */,
				3CE0FD3F1A48054F0084FF8C /* TwoWayBindingViewController.swift */,
				3CE0FD431A4879610084FF8C /* MasterDetailViewController.swift */,
				3CE0FD451A4879B00084FF8C /* MasterDetailViewModel.swift */,
				3C7E57D51A49BDD2000E5560 /* BindingModeViewController.swift */,
				3C7E57D81A49BDF9000E5560 /* BindingModeViewModel.swift */,
				3C7E57DA1A49DA58000E5560 /* ValueConverterViewController.swift */,
				3C7E57DC1A49DB22000E5560 /* ValueConverterViewModel.swift */,
				3C7665C41A5A797F0040A8CA /* ContactsEditorViewController.swift */,
				3C7665C71A5A79A70040A8CA /* ContactsEditotViewModel.swift */,
			);
			path = KitchenSink;
			sourceTree = "<group>";
		};
		3C5477E51A11E2B000C80A3C /* Supporting Files */ = {
			isa = PBXGroup;
			children = (
				3C5477E61A11E2B000C80A3C /* Info.plist */,
			);
			name = "Supporting Files";
			sourceTree = "<group>";
		};
		3C5477FA1A11E2B000C80A3C /* KitchenSinkTests */ = {
			isa = PBXGroup;
			children = (
				3C5477FD1A11E2B000C80A3C /* KitchenSinkTests.swift */,
				3C5477FB1A11E2B000C80A3C /* Supporting Files */,
			);
			path = KitchenSinkTests;
			sourceTree = "<group>";
		};
		3C5477FB1A11E2B000C80A3C /* Supporting Files */ = {
			isa = PBXGroup;
			children = (
				3C5477FC1A11E2B000C80A3C /* Info.plist */,
			);
			name = "Supporting Files";
			sourceTree = "<group>";
		};
		3C5478081A11E2BC00C80A3C /* Products */ = {
			isa = PBXGroup;
			children = (
				3C54780D1A11E2BC00C80A3C /* Avalon.framework */,
			);
			name = Products;
			sourceTree = "<group>";
		};
/* End PBXGroup section */

/* Begin PBXNativeTarget section */
		3C5477E11A11E2B000C80A3C /* KitchenSink */ = {
			isa = PBXNativeTarget;
			buildConfigurationList = 3C5478011A11E2B000C80A3C /* Build configuration list for PBXNativeTarget "KitchenSink" */;
			buildPhases = (
				3C5477DE1A11E2B000C80A3C /* Sources */,
				3C5477DF1A11E2B000C80A3C /* Frameworks */,
				3C5477E01A11E2B000C80A3C /* Resources */,
			);
			buildRules = (
			);
			dependencies = (
			);
			name = KitchenSink;
			productName = KitchenSink;
			productReference = 3C5477E21A11E2B000C80A3C /* KitchenSink.app */;
			productType = "com.apple.product-type.application";
		};
		3C5477F61A11E2B000C80A3C /* KitchenSinkTests */ = {
			isa = PBXNativeTarget;
			buildConfigurationList = 3C5478041A11E2B000C80A3C /* Build configuration list for PBXNativeTarget "KitchenSinkTests" */;
			buildPhases = (
				3C5477F31A11E2B000C80A3C /* Sources */,
				3C5477F41A11E2B000C80A3C /* Frameworks */,
				3C5477F51A11E2B000C80A3C /* Resources */,
			);
			buildRules = (
			);
			dependencies = (
				3C5477F91A11E2B000C80A3C /* PBXTargetDependency */,
			);
			name = KitchenSinkTests;
			productName = KitchenSinkTests;
			productReference = 3C5477F71A11E2B000C80A3C /* KitchenSinkTests.xctest */;
			productType = "com.apple.product-type.bundle.unit-test";
		};
/* End PBXNativeTarget section */

/* Begin PBXProject section */
		3C5477DA1A11E2B000C80A3C /* Project object */ = {
			isa = PBXProject;
			attributes = {
				LastUpgradeCheck = 0610;
				ORGANIZATIONNAME = "Colin Eberhardt";
				TargetAttributes = {
					3C5477E11A11E2B000C80A3C = {
						CreatedOnToolsVersion = 6.1;
					};
					3C5477F61A11E2B000C80A3C = {
						CreatedOnToolsVersion = 6.1;
						TestTargetID = 3C5477E11A11E2B000C80A3C;
					};
				};
			};
			buildConfigurationList = 3C5477DD1A11E2B000C80A3C /* Build configuration list for PBXProject "KitchenSink" */;
			compatibilityVersion = "Xcode 3.2";
			developmentRegion = English;
			hasScannedForEncodings = 0;
			knownRegions = (
				en,
				Base,
			);
			mainGroup = 3C5477D91A11E2B000C80A3C;
			productRefGroup = 3C5477E31A11E2B000C80A3C /* Products */;
			projectDirPath = "";
			projectReferences = (
				{
					ProductGroup = 3C5478081A11E2BC00C80A3C /* Products */;
					ProjectRef = 3C5478071A11E2BC00C80A3C /* Avalon.xcodeproj */;
				},
			);
			projectRoot = "";
			targets = (
				3C5477E11A11E2B000C80A3C /* KitchenSink */,
				3C5477F61A11E2B000C80A3C /* KitchenSinkTests */,
			);
		};
/* End PBXProject section */

/* Begin PBXReferenceProxy section */
		3C54780D1A11E2BC00C80A3C /* Avalon.framework */ = {
			isa = PBXReferenceProxy;
			fileType = wrapper.framework;
			path = Avalon.framework;
			remoteRef = 3C54780C1A11E2BC00C80A3C /* PBXContainerItemProxy */;
			sourceTree = BUILT_PRODUCTS_DIR;
		};
/* End PBXReferenceProxy section */

/* Begin PBXResourcesBuildPhase section */
		3C5477E01A11E2B000C80A3C /* Resources */ = {
			isa = PBXResourcesBuildPhase;
			buildActionMask = 2147483647;
			files = (
				3C5477ED1A11E2B000C80A3C /* Main.storyboard in Resources */,
				3CE0FD3C1A47836E0084FF8C /* 10272081.jpg in Resources */,
				3C5477F21A11E2B000C80A3C /* LaunchScreen.xib in Resources */,
				3C8AFE741A39717700E5D1AD /* Avalon.png in Resources */,
				3C5477EF1A11E2B000C80A3C /* Images.xcassets in Resources */,
			);
			runOnlyForDeploymentPostprocessing = 0;
		};
		3C5477F51A11E2B000C80A3C /* Resources */ = {
			isa = PBXResourcesBuildPhase;
			buildActionMask = 2147483647;
			files = (
			);
			runOnlyForDeploymentPostprocessing = 0;
		};
/* End PBXResourcesBuildPhase section */

/* Begin PBXSourcesBuildPhase section */
		3C5477DE1A11E2B000C80A3C /* Sources */ = {
			isa = PBXSourcesBuildPhase;
			buildActionMask = 2147483647;
			files = (
				3C7665C81A5A79A70040A8CA /* ContactsEditotViewModel.swift in Sources */,
				3CE0FD371A477C150084FF8C /* SimpleBindingsViewModel.swift in Sources */,
				3C5477EA1A11E2B000C80A3C /* ViewController.swift in Sources */,
				3C865DDA1A3EB83900D775C8 /* ObservableArrayViewController.swift in Sources */,
				3C7E57DB1A49DA58000E5560 /* ValueConverterViewController.swift in Sources */,
				3CE0FD461A4879B00084FF8C /* MasterDetailViewModel.swift in Sources */,
				3CE0FD3A1A477C240084FF8C /* SimpleBindingsViewController.swift in Sources */,
				3C7E57D91A49BDF9000E5560 /* BindingModeViewModel.swift in Sources */,
				3C7665C51A5A797F0040A8CA /* ContactsEditorViewController.swift in Sources */,
				3C7E57D61A49BDD2000E5560 /* BindingModeViewController.swift in Sources */,
				3CE0FD441A4879610084FF8C /* MasterDetailViewController.swift in Sources */,
				3CE0FD421A4805790084FF8C /* TwoWayBindingViewModel.swift in Sources */,
				3C865DDE1A4006FF00D775C8 /* ObservableArrayViewModel.swift in Sources */,
				3C5477E81A11E2B000C80A3C /* AppDelegate.swift in Sources */,
				3CE0FD401A48054F0084FF8C /* TwoWayBindingViewController.swift in Sources */,
				3C5478121A11E30000C80A3C /* KitchenSinkViewModel.swift in Sources */,
				3C7E57DD1A49DB22000E5560 /* ValueConverterViewModel.swift in Sources */,
			);
			runOnlyForDeploymentPostprocessing = 0;
		};
		3C5477F31A11E2B000C80A3C /* Sources */ = {
			isa = PBXSourcesBuildPhase;
			buildActionMask = 2147483647;
			files = (
				3C5477FE1A11E2B000C80A3C /* KitchenSinkTests.swift in Sources */,
			);
			runOnlyForDeploymentPostprocessing = 0;
		};
/* End PBXSourcesBuildPhase section */

/* Begin PBXTargetDependency section */
		3C5477F91A11E2B000C80A3C /* PBXTargetDependency */ = {
			isa = PBXTargetDependency;
			target = 3C5477E11A11E2B000C80A3C /* KitchenSink */;
			targetProxy = 3C5477F81A11E2B000C80A3C /* PBXContainerItemProxy */;
		};
/* End PBXTargetDependency section */

/* Begin PBXVariantGroup section */
		3C5477EB1A11E2B000C80A3C /* Main.storyboard */ = {
			isa = PBXVariantGroup;
			children = (
				3C5477EC1A11E2B000C80A3C /* Base */,
			);
			name = Main.storyboard;
			sourceTree = "<group>";
		};
		3C5477F01A11E2B000C80A3C /* LaunchScreen.xib */ = {
			isa = PBXVariantGroup;
			children = (
				3C5477F11A11E2B000C80A3C /* Base */,
			);
			name = LaunchScreen.xib;
			sourceTree = "<group>";
		};
/* End PBXVariantGroup section */

/* Begin XCBuildConfiguration section */
		3C5477FF1A11E2B000C80A3C /* Debug */ = {
			isa = XCBuildConfiguration;
			buildSettings = {
				ALWAYS_SEARCH_USER_PATHS = NO;
				CLANG_CXX_LANGUAGE_STANDARD = "gnu++0x";
				CLANG_CXX_LIBRARY = "libc++";
				CLANG_ENABLE_MODULES = YES;
				CLANG_ENABLE_OBJC_ARC = YES;
				CLANG_WARN_BOOL_CONVERSION = YES;
				CLANG_WARN_CONSTANT_CONVERSION = YES;
				CLANG_WARN_DIRECT_OBJC_ISA_USAGE = YES_ERROR;
				CLANG_WARN_EMPTY_BODY = YES;
				CLANG_WARN_ENUM_CONVERSION = YES;
				CLANG_WARN_INT_CONVERSION = YES;
				CLANG_WARN_OBJC_ROOT_CLASS = YES_ERROR;
				CLANG_WARN_UNREACHABLE_CODE = YES;
				CLANG_WARN__DUPLICATE_METHOD_MATCH = YES;
				"CODE_SIGN_IDENTITY[sdk=iphoneos*]" = "iPhone Developer";
				COPY_PHASE_STRIP = NO;
				ENABLE_STRICT_OBJC_MSGSEND = YES;
				GCC_C_LANGUAGE_STANDARD = gnu99;
				GCC_DYNAMIC_NO_PIC = NO;
				GCC_OPTIMIZATION_LEVEL = 0;
				GCC_PREPROCESSOR_DEFINITIONS = (
					"DEBUG=1",
					"$(inherited)",
				);
				GCC_SYMBOLS_PRIVATE_EXTERN = NO;
				GCC_WARN_64_TO_32_BIT_CONVERSION = YES;
				GCC_WARN_ABOUT_RETURN_TYPE = YES_ERROR;
				GCC_WARN_UNDECLARED_SELECTOR = YES;
				GCC_WARN_UNINITIALIZED_AUTOS = YES_AGGRESSIVE;
				GCC_WARN_UNUSED_FUNCTION = YES;
				GCC_WARN_UNUSED_VARIABLE = YES;
				IPHONEOS_DEPLOYMENT_TARGET = 8.1;
				MTL_ENABLE_DEBUG_INFO = YES;
				ONLY_ACTIVE_ARCH = YES;
				SDKROOT = iphoneos;
				SWIFT_OPTIMIZATION_LEVEL = "-Onone";
				TARGETED_DEVICE_FAMILY = 2;
			};
			name = Debug;
		};
		3C5478001A11E2B000C80A3C /* Release */ = {
			isa = XCBuildConfiguration;
			buildSettings = {
				ALWAYS_SEARCH_USER_PATHS = NO;
				CLANG_CXX_LANGUAGE_STANDARD = "gnu++0x";
				CLANG_CXX_LIBRARY = "libc++";
				CLANG_ENABLE_MODULES = YES;
				CLANG_ENABLE_OBJC_ARC = YES;
				CLANG_WARN_BOOL_CONVERSION = YES;
				CLANG_WARN_CONSTANT_CONVERSION = YES;
				CLANG_WARN_DIRECT_OBJC_ISA_USAGE = YES_ERROR;
				CLANG_WARN_EMPTY_BODY = YES;
				CLANG_WARN_ENUM_CONVERSION = YES;
				CLANG_WARN_INT_CONVERSION = YES;
				CLANG_WARN_OBJC_ROOT_CLASS = YES_ERROR;
				CLANG_WARN_UNREACHABLE_CODE = YES;
				CLANG_WARN__DUPLICATE_METHOD_MATCH = YES;
				"CODE_SIGN_IDENTITY[sdk=iphoneos*]" = "iPhone Developer";
				COPY_PHASE_STRIP = YES;
				ENABLE_NS_ASSERTIONS = NO;
				ENABLE_STRICT_OBJC_MSGSEND = YES;
				GCC_C_LANGUAGE_STANDARD = gnu99;
				GCC_WARN_64_TO_32_BIT_CONVERSION = YES;
				GCC_WARN_ABOUT_RETURN_TYPE = YES_ERROR;
				GCC_WARN_UNDECLARED_SELECTOR = YES;
				GCC_WARN_UNINITIALIZED_AUTOS = YES_AGGRESSIVE;
				GCC_WARN_UNUSED_FUNCTION = YES;
				GCC_WARN_UNUSED_VARIABLE = YES;
				IPHONEOS_DEPLOYMENT_TARGET = 8.1;
				MTL_ENABLE_DEBUG_INFO = NO;
				SDKROOT = iphoneos;
				TARGETED_DEVICE_FAMILY = 2;
				VALIDATE_PRODUCT = YES;
			};
			name = Release;
		};
		3C5478021A11E2B000C80A3C /* Debug */ = {
			isa = XCBuildConfiguration;
			buildSettings = {
				ASSETCATALOG_COMPILER_APPICON_NAME = AppIcon;
				INFOPLIST_FILE = KitchenSink/Info.plist;
				LD_RUNPATH_SEARCH_PATHS = "$(inherited) @executable_path/Frameworks";
				PRODUCT_NAME = "$(TARGET_NAME)";
			};
			name = Debug;
		};
		3C5478031A11E2B000C80A3C /* Release */ = {
			isa = XCBuildConfiguration;
			buildSettings = {
				ASSETCATALOG_COMPILER_APPICON_NAME = AppIcon;
				INFOPLIST_FILE = KitchenSink/Info.plist;
				LD_RUNPATH_SEARCH_PATHS = "$(inherited) @executable_path/Frameworks";
				PRODUCT_NAME = "$(TARGET_NAME)";
			};
			name = Release;
		};
		3C5478051A11E2B000C80A3C /* Debug */ = {
			isa = XCBuildConfiguration;
			buildSettings = {
				BUNDLE_LOADER = "$(TEST_HOST)";
				FRAMEWORK_SEARCH_PATHS = (
					"$(SDKROOT)/Developer/Library/Frameworks",
					"$(inherited)",
				);
				GCC_PREPROCESSOR_DEFINITIONS = (
					"DEBUG=1",
					"$(inherited)",
				);
				INFOPLIST_FILE = KitchenSinkTests/Info.plist;
				LD_RUNPATH_SEARCH_PATHS = "$(inherited) @executable_path/Frameworks @loader_path/Frameworks";
				PRODUCT_NAME = "$(TARGET_NAME)";
				TEST_HOST = "$(BUILT_PRODUCTS_DIR)/KitchenSink.app/KitchenSink";
			};
			name = Debug;
		};
		3C5478061A11E2B000C80A3C /* Release */ = {
			isa = XCBuildConfiguration;
			buildSettings = {
				BUNDLE_LOADER = "$(TEST_HOST)";
				FRAMEWORK_SEARCH_PATHS = (
					"$(SDKROOT)/Developer/Library/Frameworks",
					"$(inherited)",
				);
				INFOPLIST_FILE = KitchenSinkTests/Info.plist;
				LD_RUNPATH_SEARCH_PATHS = "$(inherited) @executable_path/Frameworks @loader_path/Frameworks";
				PRODUCT_NAME = "$(TARGET_NAME)";
				TEST_HOST = "$(BUILT_PRODUCTS_DIR)/KitchenSink.app/KitchenSink";
			};
			name = Release;
		};
/* End XCBuildConfiguration section */

/* Begin XCConfigurationList section */
		3C5477DD1A11E2B000C80A3C /* Build configuration list for PBXProject "KitchenSink" */ = {
			isa = XCConfigurationList;
			buildConfigurations = (
				3C5477FF1A11E2B000C80A3C /* Debug */,
				3C5478001A11E2B000C80A3C /* Release */,
			);
			defaultConfigurationIsVisible = 0;
			defaultConfigurationName = Release;
		};
		3C5478011A11E2B000C80A3C /* Build configuration list for PBXNativeTarget "KitchenSink" */ = {
			isa = XCConfigurationList;
			buildConfigurations = (
				3C5478021A11E2B000C80A3C /* Debug */,
				3C5478031A11E2B000C80A3C /* Release */,
			);
			defaultConfigurationIsVisible = 0;
			defaultConfigurationName = Release;
		};
		3C5478041A11E2B000C80A3C /* Build configuration list for PBXNativeTarget "KitchenSinkTests" */ = {
			isa = XCConfigurationList;
			buildConfigurations = (
				3C5478051A11E2B000C80A3C /* Debug */,
				3C5478061A11E2B000C80A3C /* Release */,
			);
			defaultConfigurationIsVisible = 0;
			defaultConfigurationName = Release;
		};
/* End XCConfigurationList section */
	};
	rootObject = 3C5477DA1A11E2B000C80A3C /* Project object */;
}
